{
  "originHash" : "70449f5ca270dacc6152362915137b0eae44c7274b6241b9b232fe0cc951da10",
  "pins" : [
    {
      "identity" : "capacitor-swift-pm",
      "kind" : "remoteSourceControl",
      "location" : "https://github.com/ionic-team/capacitor-swift-pm.git",
      "state" : {
        "revision" : "4f71d0b979f2f957326f04353eca7604ee937e1e",
        "version" : "8.5.0"
      }
    },
    {
      "identity" : "ion-ios-filesystem",
      "kind" : "remoteSourceControl",
      "location" : "https://github.com/ionic-team/ion-ios-filesystem.git",
      "state" : {
        "revision" : "56bd6f9e77cb4f2269c03f2d92a9fe58fe168a1c",
        "version" : "1.1.4"
      }
    },
    {
      "identity" : "purchases-hybrid-common",
      "kind" : "remoteSourceControl",
      "location" : "https://github.com/RevenueCat/purchases-hybrid-common.git",
      "state" : {
        "revision" : "5001785fce0bfdfbcc260c8422f60f0a26a81f47",
        "version" : "18.29.0"
      }
    },
    {
      "identity" : "purchases-ios-spm",
      "kind" : "remoteSourceControl",
      "location" : "https://github.com/RevenueCat/purchases-ios-spm",
      "state" : {
        "revision" : "c69a23f56c63bdfe96096fa64a1c65334d2592db",
        "version" : "5.83.0"
      }
    }
  ],
  "version" : 3
}
